
Microsoft Visual Studio Solution File, Format Version 12.00
# Visual Studio Version 17
VisualStudioVersion = 17.9.34723.18
MinimumVisualStudioVersion = 10.0.40219.1
Project("{FAE04EC0-301F-11D3-BF4B-00C04F79EFBC}") = "ERB.Services.Workflows.Application", "ERB.Services.Workflows.Application\ERB.Services.Workflows.Application.csproj", "{1D8CF596-B4C9-44C3-9404-8DF7C5B8CB0C}"
EndProject
Project("{FAE04EC0-301F-11D3-BF4B-00C04F79EFBC}") = "ERB.Services.Workflows.Presentation", "ERB.Services.Workflows.Presentation\ERB.Services.Workflows.Presentation.csproj", "{AA60BEF4-7F06-4A32-A12B-D85946942C08}"
EndProject
Global
	GlobalSection(SolutionConfigurationPlatforms) = preSolution
		Debug|Any CPU = Debug|Any CPU
		Release|Any CPU = Release|Any CPU
	EndGlobalSection
	GlobalSection(ProjectConfigurationPlatforms) = postSolution
		{1D8CF596-B4C9-44C3-9404-8DF7C5B8CB0C}.Debug|Any CPU.ActiveCfg = Debug|Any CPU
		{1D8CF596-B4C9-44C3-9404-8DF7C5B8CB0C}.Debug|Any CPU.Build.0 = Debug|Any CPU
		{1D8CF596-B4C9-44C3-9404-8DF7C5B8CB0C}.Release|Any CPU.ActiveCfg = Release|Any CPU
		{1D8CF596-B4C9-44C3-9404-8DF7C5B8CB0C}.Release|Any CPU.Build.0 = Release|Any CPU
		{AA60BEF4-7F06-4A32-A12B-D85946942C08}.Debug|Any CPU.ActiveCfg = Debug|Any CPU
		{AA60BEF4-7F06-4A32-A12B-D85946942C08}.Debug|Any CPU.Build.0 = Debug|Any CPU
		{AA60BEF4-7F06-4A32-A12B-D85946942C08}.Release|Any CPU.ActiveCfg = Release|Any CPU
		{AA60BEF4-7F06-4A32-A12B-D85946942C08}.Release|Any CPU.Build.0 = Release|Any CPU
	EndGlobalSection
	GlobalSection(SolutionProperties) = preSolution
		HideSolutionNode = FALSE
	EndGlobalSection
	GlobalSection(ExtensibilityGlobals) = postSolution
		SolutionGuid = {F0BE1A2E-A7DA-42D6-B573-CEC0460C0D66}
	EndGlobalSection
EndGlobal
